
Microsoft Visual Studio Solution File, Format Version 12.00
# Visual Studio Version 16
VisualStudioVersion = 16.0.30114.105
MinimumVisualStudioVersion = 10.0.40219.1
Project("{FAE04EC0-301F-11D3-BF4B-00C04F79EFBC}") = "Cross", "Cross\Cross.csproj", "{59936477-570C-49CB-BDE1-E0EECA2FBD9C}"
EndProject
Global
	GlobalSection(SolutionConfigurationPlatforms) = preSolution
		Debug|Any CPU = Debug|Any CPU
		Release|Any CPU = Release|Any CPU
	EndGlobalSection
	GlobalSection(ProjectConfigurationPlatforms) = postSolution
		{59936477-570C-49CB-BDE1-E0EECA2FBD9C}.Debug|Any CPU.ActiveCfg = Debug|Any CPU
		{59936477-570C-49CB-BDE1-E0EECA2FBD9C}.Debug|Any CPU.Build.0 = Debug|Any CPU
		{59936477-570C-49CB-BDE1-E0EECA2FBD9C}.Release|Any CPU.ActiveCfg = Release|Any CPU
		{59936477-570C-49CB-BDE1-E0EECA2FBD9C}.Release|Any CPU.Build.0 = Release|Any CPU
	EndGlobalSection
	GlobalSection(SolutionProperties) = preSolution
		HideSolutionNode = FALSE
	EndGlobalSection
	GlobalSection(ExtensibilityGlobals) = postSolution
		SolutionGuid = {5986670C-A2B9-4C94-8A12-24877F98EC38}
	EndGlobalSection
EndGlobal
